
Microsoft Visual Studio Solution File, Format Version 12.00
# Visual Studio Version 17
VisualStudioVersion = 17.8.34330.188
MinimumVisualStudioVersion = 10.0.40219.1
Project("{9A19103F-16F7-4668-BE54-9A1E7A4F7556}") = "View", "View\View.csproj", "{D67F69DD-F803-40F2-BEA1-330838B92F6B}"
EndProject
Project("{FAE04EC0-301F-11D3-BF4B-00C04F79EFBC}") = "ViewModel", "ViewModel\ViewModel.csproj", "{A330E005-E169-4E15-B9C3-5C3B3F23116E}"
EndProject
Project("{FAE04EC0-301F-11D3-BF4B-00C04F79EFBC}") = "Model", "Model\Model.csproj", "{D8AA92FB-6BD3-47D6-8E36-8B3E4B2644EE}"
EndProject
Global
	GlobalSection(SolutionConfigurationPlatforms) = preSolution
		Debug|Any CPU = Debug|Any CPU
		Release|Any CPU = Release|Any CPU
	EndGlobalSection
	GlobalSection(ProjectConfigurationPlatforms) = postSolution
		{D67F69DD-F803-40F2-BEA1-330838B92F6B}.Debug|Any CPU.ActiveCfg = Debug|Any CPU
		{D67F69DD-F803-40F2-BEA1-330838B92F6B}.Debug|Any CPU.Build.0 = Debug|Any CPU
		{D67F69DD-F803-40F2-BEA1-330838B92F6B}.Debug|Any CPU.Deploy.0 = Debug|Any CPU
		{D67F69DD-F803-40F2-BEA1-330838B92F6B}.Release|Any CPU.ActiveCfg = Release|Any CPU
		{D67F69DD-F803-40F2-BEA1-330838B92F6B}.Release|Any CPU.Build.0 = Release|Any CPU
		{D67F69DD-F803-40F2-BEA1-330838B92F6B}.Release|Any CPU.Deploy.0 = Release|Any CPU
		{A330E005-E169-4E15-B9C3-5C3B3F23116E}.Debug|Any CPU.ActiveCfg = Debug|Any CPU
		{A330E005-E169-4E15-B9C3-5C3B3F23116E}.Debug|Any CPU.Build.0 = Debug|Any CPU
		{A330E005-E169-4E15-B9C3-5C3B3F23116E}.Release|Any CPU.ActiveCfg = Release|Any CPU
		{A330E005-E169-4E15-B9C3-5C3B3F23116E}.Release|Any CPU.Build.0 = Release|Any CPU
		{D8AA92FB-6BD3-47D6-8E36-8B3E4B2644EE}.Debug|Any CPU.ActiveCfg = Debug|Any CPU
		{D8AA92FB-6BD3-47D6-8E36-8B3E4B2644EE}.Debug|Any CPU.Build.0 = Debug|Any CPU
		{D8AA92FB-6BD3-47D6-8E36-8B3E4B2644EE}.Release|Any CPU.ActiveCfg = Release|Any CPU
		{D8AA92FB-6BD3-47D6-8E36-8B3E4B2644EE}.Release|Any CPU.Build.0 = Release|Any CPU
	EndGlobalSection
	GlobalSection(SolutionProperties) = preSolution
		HideSolutionNode = FALSE
	EndGlobalSection
	GlobalSection(ExtensibilityGlobals) = postSolution
		SolutionGuid = {C76380A9-639D-442E-AB23-38342D8C742F}
	EndGlobalSection
EndGlobal
