
Microsoft Visual Studio Solution File, Format Version 12.00
# Visual Studio Version 17
VisualStudioVersion = 17.8.34330.188
MinimumVisualStudioVersion = 10.0.40219.1
Project("{FAE04EC0-301F-11D3-BF4B-00C04F79EFBC}") = "View", "View\View.csproj", "{D67F69DD-F803-40F2-BEA1-330838B92F6B}"
EndProject
Global
	GlobalSection(SolutionConfigurationPlatforms) = preSolution
		Debug|Any CPU = Debug|Any CPU
		Release|Any CPU = Release|Any CPU
	EndGlobalSection
	GlobalSection(ProjectConfigurationPlatforms) = postSolution
		{D67F69DD-F803-40F2-BEA1-330838B92F6B}.Debug|Any CPU.ActiveCfg = Debug|Any CPU
		{D67F69DD-F803-40F2-BEA1-330838B92F6B}.Debug|Any CPU.Build.0 = Debug|Any CPU
		{D67F69DD-F803-40F2-BEA1-330838B92F6B}.Debug|Any CPU.Deploy.0 = Debug|Any CPU
		{D67F69DD-F803-40F2-BEA1-330838B92F6B}.Release|Any CPU.ActiveCfg = Release|Any CPU
		{D67F69DD-F803-40F2-BEA1-330838B92F6B}.Release|Any CPU.Build.0 = Release|Any CPU
		{D67F69DD-F803-40F2-BEA1-330838B92F6B}.Release|Any CPU.Deploy.0 = Release|Any CPU
	EndGlobalSection
	GlobalSection(SolutionProperties) = preSolution
		HideSolutionNode = FALSE
	EndGlobalSection
	GlobalSection(ExtensibilityGlobals) = postSolution
		SolutionGuid = {C76380A9-639D-442E-AB23-38342D8C742F}
	EndGlobalSection
EndGlobal
